// !$*UTF8*$!
{
	archiveVersion = 1;
	classes = {
	};
	objectVersion = 51;
	objects = {

/* Begin PBXBuildFile section */
		52B55033AF32AACFAA9A53A3 /* Pods_Project.framework in Frameworks */ = {isa = PBXBuildFile; fileRef = A8B68ED1E8A9498A3009F0B3 /* Pods_Project.framework */; };
		6525F17EFC1BA7B3E3C47091 /* Pods_ProjectTests.framework in Frameworks */ = {isa = PBXBuildFile; fileRef = 941D15E24068B6C92B966385 /* Pods_ProjectTests.framework */; };
		A3A5F39F828E07B281136836 /* Pods_Project_ProjectUITests.framework in Frameworks */ = {isa = PBXBuildFile; fileRef = D1869A14D4DA9AD35F762E49 /* Pods_Project_ProjectUITests.framework */; };
		B00BF0FF2451E77F00DFB47E /* AdminCakesViewController.swift in Sources */ = {isa = PBXBuildFile; fileRef = B00BF0FE2451E77F00DFB47E /* AdminCakesViewController.swift */; };
		B00BF1012452306900DFB47E /* LocationModel.swift in Sources */ = {isa = PBXBuildFile; fileRef = B00BF1002452306900DFB47E /* LocationModel.swift */; };
		B01E9FBE2443891E005EE857 /* MainTabBarViewController.swift in Sources */ = {isa = PBXBuildFile; fileRef = B01E9FBD2443891E005EE857 /* MainTabBarViewController.swift */; };
		B01E9FC22443BAAE005EE857 /* ProfileNavigationController.swift in Sources */ = {isa = PBXBuildFile; fileRef = B01E9FC12443BAAE005EE857 /* ProfileNavigationController.swift */; };
		B022B0A92447B07A00C257D9 /* GoogleService-Info.plist in Resources */ = {isa = PBXBuildFile; fileRef = B022B0A82447B07A00C257D9 /* GoogleService-Info.plist */; };
		B05E292A2441BE3F00327947 /* DesignableView.swift in Sources */ = {isa = PBXBuildFile; fileRef = B05E29292441BE3F00327947 /* DesignableView.swift */; };
		B05E292C2441C67100327947 /* LoginViewController.swift in Sources */ = {isa = PBXBuildFile; fileRef = B05E292B2441C67100327947 /* LoginViewController.swift */; };
		B06106EE24388E87009A52D1 /* AppDelegate.swift in Sources */ = {isa = PBXBuildFile; fileRef = B06106ED24388E87009A52D1 /* AppDelegate.swift */; };
		B06106F024388E88009A52D1 /* SceneDelegate.swift in Sources */ = {isa = PBXBuildFile; fileRef = B06106EF24388E88009A52D1 /* SceneDelegate.swift */; };
		B06106F224388E88009A52D1 /* ViewController.swift in Sources */ = {isa = PBXBuildFile; fileRef = B06106F124388E88009A52D1 /* ViewController.swift */; };
		B06106F524388E88009A52D1 /* Main.storyboard in Resources */ = {isa = PBXBuildFile; fileRef = B06106F324388E88009A52D1 /* Main.storyboard */; };
		B06106F824388E88009A52D1 /* Project.xcdatamodeld in Sources */ = {isa = PBXBuildFile; fileRef = B06106F624388E88009A52D1 /* Project.xcdatamodeld */; };
		B06106FA24388E89009A52D1 /* Assets.xcassets in Resources */ = {isa = PBXBuildFile; fileRef = B06106F924388E89009A52D1 /* Assets.xcassets */; };
		B06106FD24388E89009A52D1 /* LaunchScreen.storyboard in Resources */ = {isa = PBXBuildFile; fileRef = B06106FB24388E89009A52D1 /* LaunchScreen.storyboard */; };
		B061070824388E89009A52D1 /* ProjectTests.swift in Sources */ = {isa = PBXBuildFile; fileRef = B061070724388E89009A52D1 /* ProjectTests.swift */; };
		B061071324388E89009A52D1 /* ProjectUITests.swift in Sources */ = {isa = PBXBuildFile; fileRef = B061071224388E89009A52D1 /* ProjectUITests.swift */; };
		B061072124389909009A52D1 /* CollectionViewCell.swift in Sources */ = {isa = PBXBuildFile; fileRef = B061072024389909009A52D1 /* CollectionViewCell.swift */; };
		B06107232438F47C009A52D1 /* CategoriesTableViewController.swift in Sources */ = {isa = PBXBuildFile; fileRef = B06107222438F47C009A52D1 /* CategoriesTableViewController.swift */; };
		B061072524390C21009A52D1 /* products.json in Resources */ = {isa = PBXBuildFile; fileRef = B061072424390C21009A52D1 /* products.json */; };
		B08329D3243E6C2800BAC9BB /* MapViewController.swift in Sources */ = {isa = PBXBuildFile; fileRef = B08329D2243E6C2800BAC9BB /* MapViewController.swift */; };
		B093AC74244604380048CC38 /* FavoritesList+CoreDataClass.swift in Sources */ = {isa = PBXBuildFile; fileRef = B093AC70244604380048CC38 /* FavoritesList+CoreDataClass.swift */; };
		B093AC75244604380048CC38 /* FavoritesList+CoreDataProperties.swift in Sources */ = {isa = PBXBuildFile; fileRef = B093AC71244604380048CC38 /* FavoritesList+CoreDataProperties.swift */; };
		B093AC76244604380048CC38 /* Users+CoreDataClass.swift in Sources */ = {isa = PBXBuildFile; fileRef = B093AC72244604380048CC38 /* Users+CoreDataClass.swift */; };
		B093AC77244604380048CC38 /* Users+CoreDataProperties.swift in Sources */ = {isa = PBXBuildFile; fileRef = B093AC73244604380048CC38 /* Users+CoreDataProperties.swift */; };
		B093AC792446130C0048CC38 /* ProductsNavigationController.swift in Sources */ = {isa = PBXBuildFile; fileRef = B093AC782446130C0048CC38 /* ProductsNavigationController.swift */; };
		B09DA1B324519F85007F0E30 /* CollectionPaths.swift in Sources */ = {isa = PBXBuildFile; fileRef = B09DA1B224519F85007F0E30 /* CollectionPaths.swift */; };
		B0A23A34243D3840002D1309 /* ProductViewController.swift in Sources */ = {isa = PBXBuildFile; fileRef = B0A23A33243D3840002D1309 /* ProductViewController.swift */; };
		B0B0A2B62439380B00B39BAD /* ProductModel.swift in Sources */ = {isa = PBXBuildFile; fileRef = B0B0A2B52439380B00B39BAD /* ProductModel.swift */; };
		B0B0A2BA2439445B00B39BAD /* ProductTableViewCell.swift in Sources */ = {isa = PBXBuildFile; fileRef = B0B0A2B92439445B00B39BAD /* ProductTableViewCell.swift */; };
		B0B674B52442307D00ADEE05 /* RegisterViewController.swift in Sources */ = {isa = PBXBuildFile; fileRef = B0B674B42442307D00ADEE05 /* RegisterViewController.swift */; };
		B0D3E3D22444CF7A00E9F412 /* UserDefaultsHelper.swift in Sources */ = {isa = PBXBuildFile; fileRef = B0D3E3D12444CF7A00E9F412 /* UserDefaultsHelper.swift */; };
		B0F420AE2443354100E39729 /* UserPageViewController.swift in Sources */ = {isa = PBXBuildFile; fileRef = B0F420AD2443354100E39729 /* UserPageViewController.swift */; };
		B0F43F442453009B00DD990F /* CategoryModel.swift in Sources */ = {isa = PBXBuildFile; fileRef = B0F43F432453009B00DD990F /* CategoryModel.swift */; };
/* End PBXBuildFile section */

/* Begin PBXContainerItemProxy section */
		B061070424388E89009A52D1 /* PBXContainerItemProxy */ = {
			isa = PBXContainerItemProxy;
			containerPortal = B06106E224388E87009A52D1 /* Project object */;
			proxyType = 1;
			remoteGlobalIDString = B06106E924388E87009A52D1;
			remoteInfo = Project;
		};
		B061070F24388E89009A52D1 /* PBXContainerItemProxy */ = {
			isa = PBXContainerItemProxy;
			containerPortal = B06106E224388E87009A52D1 /* Project object */;
			proxyType = 1;
			remoteGlobalIDString = B06106E924388E87009A52D1;
			remoteInfo = Project;
		};
/* End PBXContainerItemProxy section */

/* Begin PBXFileReference section */
		360EED3FAD3A0EACAD9E3B16 /* Pods-Project.release.xcconfig */ = {isa = PBXFileReference; includeInIndex = 1; lastKnownFileType = text.xcconfig; name = "Pods-Project.release.xcconfig"; path = "Target Support Files/Pods-Project/Pods-Project.release.xcconfig"; sourceTree = "<group>"; };
		3D9212702D1A457B5DBF7C82 /* Pods-Project-ProjectUITests.release.xcconfig */ = {isa = PBXFileReference; includeInIndex = 1; lastKnownFileType = text.xcconfig; name = "Pods-Project-ProjectUITests.release.xcconfig"; path = "Target Support Files/Pods-Project-ProjectUITests/Pods-Project-ProjectUITests.release.xcconfig"; sourceTree = "<group>"; };
		5676A26731AAD5FAA950117E /* Pods-Project-ProjectUITests.debug.xcconfig */ = {isa = PBXFileReference; includeInIndex = 1; lastKnownFileType = text.xcconfig; name = "Pods-Project-ProjectUITests.debug.xcconfig"; path = "Target Support Files/Pods-Project-ProjectUITests/Pods-Project-ProjectUITests.debug.xcconfig"; sourceTree = "<group>"; };
		784872139A2CEE649802977E /* Pods-Project.debug.xcconfig */ = {isa = PBXFileReference; includeInIndex = 1; lastKnownFileType = text.xcconfig; name = "Pods-Project.debug.xcconfig"; path = "Target Support Files/Pods-Project/Pods-Project.debug.xcconfig"; sourceTree = "<group>"; };
		941D15E24068B6C92B966385 /* Pods_ProjectTests.framework */ = {isa = PBXFileReference; explicitFileType = wrapper.framework; includeInIndex = 0; path = Pods_ProjectTests.framework; sourceTree = BUILT_PRODUCTS_DIR; };
		A6394F23FDCF6EB6D6390FC2 /* Pods-ProjectTests.release.xcconfig */ = {isa = PBXFileReference; includeInIndex = 1; lastKnownFileType = text.xcconfig; name = "Pods-ProjectTests.release.xcconfig"; path = "Target Support Files/Pods-ProjectTests/Pods-ProjectTests.release.xcconfig"; sourceTree = "<group>"; };
		A8B68ED1E8A9498A3009F0B3 /* Pods_Project.framework */ = {isa = PBXFileReference; explicitFileType = wrapper.framework; includeInIndex = 0; path = Pods_Project.framework; sourceTree = BUILT_PRODUCTS_DIR; };
		B00BF0FE2451E77F00DFB47E /* AdminCakesViewController.swift */ = {isa = PBXFileReference; lastKnownFileType = sourcecode.swift; path = AdminCakesViewController.swift; sourceTree = "<group>"; };
		B00BF1002452306900DFB47E /* LocationModel.swift */ = {isa = PBXFileReference; lastKnownFileType = sourcecode.swift; path = LocationModel.swift; sourceTree = "<group>"; };
		B01E9FBD2443891E005EE857 /* MainTabBarViewController.swift */ = {isa = PBXFileReference; lastKnownFileType = sourcecode.swift; path = MainTabBarViewController.swift; sourceTree = "<group>"; };
		B01E9FC12443BAAE005EE857 /* ProfileNavigationController.swift */ = {isa = PBXFileReference; lastKnownFileType = sourcecode.swift; path = ProfileNavigationController.swift; sourceTree = "<group>"; };
		B022B0A82447B07A00C257D9 /* GoogleService-Info.plist */ = {isa = PBXFileReference; fileEncoding = 4; lastKnownFileType = text.plist.xml; path = "GoogleService-Info.plist"; sourceTree = "<group>"; };
		B05E29292441BE3F00327947 /* DesignableView.swift */ = {isa = PBXFileReference; lastKnownFileType = sourcecode.swift; path = DesignableView.swift; sourceTree = "<group>"; };
		B05E292B2441C67100327947 /* LoginViewController.swift */ = {isa = PBXFileReference; lastKnownFileType = sourcecode.swift; path = LoginViewController.swift; sourceTree = "<group>"; };
		B06106EA24388E87009A52D1 /* Project.app */ = {isa = PBXFileReference; explicitFileType = wrapper.application; includeInIndex = 0; path = Project.app; sourceTree = BUILT_PRODUCTS_DIR; };
		B06106ED24388E87009A52D1 /* AppDelegate.swift */ = {isa = PBXFileReference; lastKnownFileType = sourcecode.swift; path = AppDelegate.swift; sourceTree = "<group>"; };
		B06106EF24388E88009A52D1 /* SceneDelegate.swift */ = {isa = PBXFileReference; lastKnownFileType = sourcecode.swift; path = SceneDelegate.swift; sourceTree = "<group>"; };
		B06106F124388E88009A52D1 /* ViewController.swift */ = {isa = PBXFileReference; lastKnownFileType = sourcecode.swift; path = ViewController.swift; sourceTree = "<group>"; };
		B06106F424388E88009A52D1 /* Base */ = {isa = PBXFileReference; lastKnownFileType = file.storyboard; name = Base; path = Base.lproj/Main.storyboard; sourceTree = "<group>"; };
		B06106F724388E88009A52D1 /* Project.xcdatamodel */ = {isa = PBXFileReference; lastKnownFileType = wrapper.xcdatamodel; path = Project.xcdatamodel; sourceTree = "<group>"; };
		B06106F924388E89009A52D1 /* Assets.xcassets */ = {isa = PBXFileReference; lastKnownFileType = folder.assetcatalog; path = Assets.xcassets; sourceTree = "<group>"; };
		B06106FC24388E89009A52D1 /* Base */ = {isa = PBXFileReference; lastKnownFileType = file.storyboard; name = Base; path = Base.lproj/LaunchScreen.storyboard; sourceTree = "<group>"; };
		B06106FE24388E89009A52D1 /* Info.plist */ = {isa = PBXFileReference; lastKnownFileType = text.plist.xml; path = Info.plist; sourceTree = "<group>"; };
		B061070324388E89009A52D1 /* ProjectTests.xctest */ = {isa = PBXFileReference; explicitFileType = wrapper.cfbundle; includeInIndex = 0; path = ProjectTests.xctest; sourceTree = BUILT_PRODUCTS_DIR; };
		B061070724388E89009A52D1 /* ProjectTests.swift */ = {isa = PBXFileReference; lastKnownFileType = sourcecode.swift; path = ProjectTests.swift; sourceTree = "<group>"; };
		B061070924388E89009A52D1 /* Info.plist */ = {isa = PBXFileReference; lastKnownFileType = text.plist.xml; path = Info.plist; sourceTree = "<group>"; };
		B061070E24388E89009A52D1 /* ProjectUITests.xctest */ = {isa = PBXFileReference; explicitFileType = wrapper.cfbundle; includeInIndex = 0; path = ProjectUITests.xctest; sourceTree = BUILT_PRODUCTS_DIR; };
		B061071224388E89009A52D1 /* ProjectUITests.swift */ = {isa = PBXFileReference; lastKnownFileType = sourcecode.swift; path = ProjectUITests.swift; sourceTree = "<group>"; };
		B061071424388E89009A52D1 /* Info.plist */ = {isa = PBXFileReference; lastKnownFileType = text.plist.xml; path = Info.plist; sourceTree = "<group>"; };
		B061072024389909009A52D1 /* CollectionViewCell.swift */ = {isa = PBXFileReference; lastKnownFileType = sourcecode.swift; path = CollectionViewCell.swift; sourceTree = "<group>"; };
		B06107222438F47C009A52D1 /* CategoriesTableViewController.swift */ = {isa = PBXFileReference; lastKnownFileType = sourcecode.swift; path = CategoriesTableViewController.swift; sourceTree = "<group>"; };
		B061072424390C21009A52D1 /* products.json */ = {isa = PBXFileReference; lastKnownFileType = text.json; path = products.json; sourceTree = "<group>"; };
		B08329D2243E6C2800BAC9BB /* MapViewController.swift */ = {isa = PBXFileReference; lastKnownFileType = sourcecode.swift; path = MapViewController.swift; sourceTree = "<group>"; };
		B093AC70244604380048CC38 /* FavoritesList+CoreDataClass.swift */ = {isa = PBXFileReference; lastKnownFileType = sourcecode.swift; path = "FavoritesList+CoreDataClass.swift"; sourceTree = "<group>"; };
		B093AC71244604380048CC38 /* FavoritesList+CoreDataProperties.swift */ = {isa = PBXFileReference; lastKnownFileType = sourcecode.swift; path = "FavoritesList+CoreDataProperties.swift"; sourceTree = "<group>"; };
		B093AC72244604380048CC38 /* Users+CoreDataClass.swift */ = {isa = PBXFileReference; lastKnownFileType = sourcecode.swift; path = "Users+CoreDataClass.swift"; sourceTree = "<group>"; };
		B093AC73244604380048CC38 /* Users+CoreDataProperties.swift */ = {isa = PBXFileReference; lastKnownFileType = sourcecode.swift; path = "Users+CoreDataProperties.swift"; sourceTree = "<group>"; };
		B093AC782446130C0048CC38 /* ProductsNavigationController.swift */ = {isa = PBXFileReference; lastKnownFileType = sourcecode.swift; path = ProductsNavigationController.swift; sourceTree = "<group>"; };
		B09DA1B224519F85007F0E30 /* CollectionPaths.swift */ = {isa = PBXFileReference; lastKnownFileType = sourcecode.swift; path = CollectionPaths.swift; sourceTree = "<group>"; };
		B09FE58A2451C4FF0006220F /* Project.entitlements */ = {isa = PBXFileReference; lastKnownFileType = text.plist.entitlements; path = Project.entitlements; sourceTree = "<group>"; };
		B0A23A33243D3840002D1309 /* ProductViewController.swift */ = {isa = PBXFileReference; lastKnownFileType = sourcecode.swift; path = ProductViewController.swift; sourceTree = "<group>"; };
		B0B0A2B52439380B00B39BAD /* ProductModel.swift */ = {isa = PBXFileReference; lastKnownFileType = sourcecode.swift; path = ProductModel.swift; sourceTree = "<group>"; };
		B0B0A2B92439445B00B39BAD /* ProductTableViewCell.swift */ = {isa = PBXFileReference; lastKnownFileType = sourcecode.swift; path = ProductTableViewCell.swift; sourceTree = "<group>"; };
		B0B674B42442307D00ADEE05 /* RegisterViewController.swift */ = {isa = PBXFileReference; lastKnownFileType = sourcecode.swift; path = RegisterViewController.swift; sourceTree = "<group>"; };
		B0D3E3D12444CF7A00E9F412 /* UserDefaultsHelper.swift */ = {isa = PBXFileReference; lastKnownFileType = sourcecode.swift; path = UserDefaultsHelper.swift; sourceTree = "<group>"; };
		B0F420AD2443354100E39729 /* UserPageViewController.swift */ = {isa = PBXFileReference; lastKnownFileType = sourcecode.swift; path = UserPageViewController.swift; sourceTree = "<group>"; };
		B0F43F432453009B00DD990F /* CategoryModel.swift */ = {isa = PBXFileReference; lastKnownFileType = sourcecode.swift; path = CategoryModel.swift; sourceTree = "<group>"; };
		D1869A14D4DA9AD35F762E49 /* Pods_Project_ProjectUITests.framework */ = {isa = PBXFileReference; explicitFileType = wrapper.framework; includeInIndex = 0; path = Pods_Project_ProjectUITests.framework; sourceTree = BUILT_PRODUCTS_DIR; };
		E6308D611C286DDF0BDFB96A /* Pods-ProjectTests.debug.xcconfig */ = {isa = PBXFileReference; includeInIndex = 1; lastKnownFileType = text.xcconfig; name = "Pods-ProjectTests.debug.xcconfig"; path = "Target Support Files/Pods-ProjectTests/Pods-ProjectTests.debug.xcconfig"; sourceTree = "<group>"; };
/* End PBXFileReference section */

/* Begin PBXFrameworksBuildPhase section */
		B06106E724388E87009A52D1 /* Frameworks */ = {
			isa = PBXFrameworksBuildPhase;
			buildActionMask = 2147483647;
			files = (
				52B55033AF32AACFAA9A53A3 /* Pods_Project.framework in Frameworks */,
			);
			runOnlyForDeploymentPostprocessing = 0;
		};
		B061070024388E89009A52D1 /* Frameworks */ = {
			isa = PBXFrameworksBuildPhase;
			buildActionMask = 2147483647;
			files = (
				6525F17EFC1BA7B3E3C47091 /* Pods_ProjectTests.framework in Frameworks */,
			);
			runOnlyForDeploymentPostprocessing = 0;
		};
		B061070B24388E89009A52D1 /* Frameworks */ = {
			isa = PBXFrameworksBuildPhase;
			buildActionMask = 2147483647;
			files = (
				A3A5F39F828E07B281136836 /* Pods_Project_ProjectUITests.framework in Frameworks */,
			);
			runOnlyForDeploymentPostprocessing = 0;
		};
/* End PBXFrameworksBuildPhase section */

/* Begin PBXGroup section */
		2949B3E2471FF1EEB3D3A025 /* Pods */ = {
			isa = PBXGroup;
			children = (
				784872139A2CEE649802977E /* Pods-Project.debug.xcconfig */,
				360EED3FAD3A0EACAD9E3B16 /* Pods-Project.release.xcconfig */,
				5676A26731AAD5FAA950117E /* Pods-Project-ProjectUITests.debug.xcconfig */,
				3D9212702D1A457B5DBF7C82 /* Pods-Project-ProjectUITests.release.xcconfig */,
				E6308D611C286DDF0BDFB96A /* Pods-ProjectTests.debug.xcconfig */,
				A6394F23FDCF6EB6D6390FC2 /* Pods-ProjectTests.release.xcconfig */,
			);
			path = Pods;
			sourceTree = "<group>";
		};
		B00BF0FD2451E74800DFB47E /* Admin */ = {
			isa = PBXGroup;
			children = (
				B00BF0FE2451E77F00DFB47E /* AdminCakesViewController.swift */,
			);
			path = Admin;
			sourceTree = "<group>";
		};
		B06106E124388E87009A52D1 = {
			isa = PBXGroup;
			children = (
				B06106EC24388E87009A52D1 /* Project */,
				B061070624388E89009A52D1 /* ProjectTests */,
				B061071124388E89009A52D1 /* ProjectUITests */,
				B06106EB24388E87009A52D1 /* Products */,
				2949B3E2471FF1EEB3D3A025 /* Pods */,
				F8F61FED04C79BC513AEB9E7 /* Frameworks */,
			);
			sourceTree = "<group>";
		};
		B06106EB24388E87009A52D1 /* Products */ = {
			isa = PBXGroup;
			children = (
				B06106EA24388E87009A52D1 /* Project.app */,
				B061070324388E89009A52D1 /* ProjectTests.xctest */,
				B061070E24388E89009A52D1 /* ProjectUITests.xctest */,
			);
			name = Products;
			sourceTree = "<group>";
		};
		B06106EC24388E87009A52D1 /* Project */ = {
			isa = PBXGroup;
			children = (
				B09FE58A2451C4FF0006220F /* Project.entitlements */,
				B093AC70244604380048CC38 /* FavoritesList+CoreDataClass.swift */,
				B093AC71244604380048CC38 /* FavoritesList+CoreDataProperties.swift */,
				B093AC72244604380048CC38 /* Users+CoreDataClass.swift */,
				B093AC73244604380048CC38 /* Users+CoreDataProperties.swift */,
				B06106ED24388E87009A52D1 /* AppDelegate.swift */,
				B06106EF24388E88009A52D1 /* SceneDelegate.swift */,
				B00BF0FD2451E74800DFB47E /* Admin */,
				B09DA1AE24519DA7007F0E30 /* CakeProducts */,
				B09DA1B024519DDD007F0E30 /* Locations */,
				B09DA1B124519EE3007F0E30 /* Database */,
				B09DA1AF24519DD0007F0E30 /* Users */,
				B06106F324388E88009A52D1 /* Main.storyboard */,
				B061072424390C21009A52D1 /* products.json */,
				B06106F924388E89009A52D1 /* Assets.xcassets */,
				B06106FB24388E89009A52D1 /* LaunchScreen.storyboard */,
				B06106FE24388E89009A52D1 /* Info.plist */,
				B01E9FC12443BAAE005EE857 /* ProfileNavigationController.swift */,
				B093AC782446130C0048CC38 /* ProductsNavigationController.swift */,
				B01E9FBD2443891E005EE857 /* MainTabBarViewController.swift */,
				B022B0A82447B07A00C257D9 /* GoogleService-Info.plist */,
				B05E29292441BE3F00327947 /* DesignableView.swift */,
				B0D3E3D12444CF7A00E9F412 /* UserDefaultsHelper.swift */,
				B06106F624388E88009A52D1 /* Project.xcdatamodeld */,
			);
			path = Project;
			sourceTree = "<group>";
		};
		B061070624388E89009A52D1 /* ProjectTests */ = {
			isa = PBXGroup;
			children = (
				B061070724388E89009A52D1 /* ProjectTests.swift */,
				B061070924388E89009A52D1 /* Info.plist */,
			);
			path = ProjectTests;
			sourceTree = "<group>";
		};
		B061071124388E89009A52D1 /* ProjectUITests */ = {
			isa = PBXGroup;
			children = (
				B061071224388E89009A52D1 /* ProjectUITests.swift */,
				B061071424388E89009A52D1 /* Info.plist */,
			);
			path = ProjectUITests;
			sourceTree = "<group>";
		};
		B09DA1AE24519DA7007F0E30 /* CakeProducts */ = {
			isa = PBXGroup;
			children = (
				B061072024389909009A52D1 /* CollectionViewCell.swift */,
				B06106F124388E88009A52D1 /* ViewController.swift */,
				B0B0A2B92439445B00B39BAD /* ProductTableViewCell.swift */,
				B0A23A33243D3840002D1309 /* ProductViewController.swift */,
				B06107222438F47C009A52D1 /* CategoriesTableViewController.swift */,
				B0F43F432453009B00DD990F /* CategoryModel.swift */,
				B0B0A2B52439380B00B39BAD /* ProductModel.swift */,
			);
			path = CakeProducts;
			sourceTree = "<group>";
		};
		B09DA1AF24519DD0007F0E30 /* Users */ = {
			isa = PBXGroup;
			children = (
				B05E292B2441C67100327947 /* LoginViewController.swift */,
				B0F420AD2443354100E39729 /* UserPageViewController.swift */,
				B0B674B42442307D00ADEE05 /* RegisterViewController.swift */,
			);
			path = Users;
			sourceTree = "<group>";
		};
		B09DA1B024519DDD007F0E30 /* Locations */ = {
			isa = PBXGroup;
			children = (
				B08329D2243E6C2800BAC9BB /* MapViewController.swift */,
				B00BF1002452306900DFB47E /* LocationModel.swift */,
			);
			path = Locations;
			sourceTree = "<group>";
		};
		B09DA1B124519EE3007F0E30 /* Database */ = {
			isa = PBXGroup;
			children = (
				B09DA1B224519F85007F0E30 /* CollectionPaths.swift */,
			);
			path = Database;
			sourceTree = "<group>";
		};
		F8F61FED04C79BC513AEB9E7 /* Frameworks */ = {
			isa = PBXGroup;
			children = (
				A8B68ED1E8A9498A3009F0B3 /* Pods_Project.framework */,
				D1869A14D4DA9AD35F762E49 /* Pods_Project_ProjectUITests.framework */,
				941D15E24068B6C92B966385 /* Pods_ProjectTests.framework */,
			);
			name = Frameworks;
			sourceTree = "<group>";
		};
/* End PBXGroup section */

/* Begin PBXNativeTarget section */
		B06106E924388E87009A52D1 /* Project */ = {
			isa = PBXNativeTarget;
			buildConfigurationList = B061071724388E89009A52D1 /* Build configuration list for PBXNativeTarget "Project" */;
			buildPhases = (
				C35BE84BE638F79D6FCB4F4D /* [CP] Check Pods Manifest.lock */,
				B06106E624388E87009A52D1 /* Sources */,
				B06106E724388E87009A52D1 /* Frameworks */,
				B06106E824388E87009A52D1 /* Resources */,
				87F1C8A00FD7D5AD8EF58606 /* [CP] Embed Pods Frameworks */,
			);
			buildRules = (
			);
			dependencies = (
			);
			name = Project;
			productName = Project;
			productReference = B06106EA24388E87009A52D1 /* Project.app */;
			productType = "com.apple.product-type.application";
		};
		B061070224388E89009A52D1 /* ProjectTests */ = {
			isa = PBXNativeTarget;
			buildConfigurationList = B061071A24388E89009A52D1 /* Build configuration list for PBXNativeTarget "ProjectTests" */;
			buildPhases = (
				B8D5DEDD049C394E92F7E0B9 /* [CP] Check Pods Manifest.lock */,
				B06106FF24388E89009A52D1 /* Sources */,
				B061070024388E89009A52D1 /* Frameworks */,
				B061070124388E89009A52D1 /* Resources */,
			);
			buildRules = (
			);
			dependencies = (
				B061070524388E89009A52D1 /* PBXTargetDependency */,
			);
			name = ProjectTests;
			productName = ProjectTests;
			productReference = B061070324388E89009A52D1 /* ProjectTests.xctest */;
			productType = "com.apple.product-type.bundle.unit-test";
		};
		B061070D24388E89009A52D1 /* ProjectUITests */ = {
			isa = PBXNativeTarget;
			buildConfigurationList = B061071D24388E89009A52D1 /* Build configuration list for PBXNativeTarget "ProjectUITests" */;
			buildPhases = (
				33A810EA6DE326D1A3932052 /* [CP] Check Pods Manifest.lock */,
				B061070A24388E89009A52D1 /* Sources */,
				B061070B24388E89009A52D1 /* Frameworks */,
				B061070C24388E89009A52D1 /* Resources */,
				8EE61BDEF64BBEFC2F21833F /* [CP] Embed Pods Frameworks */,
			);
			buildRules = (
			);
			dependencies = (
				B061071024388E89009A52D1 /* PBXTargetDependency */,
			);
			name = ProjectUITests;
			productName = ProjectUITests;
			productReference = B061070E24388E89009A52D1 /* ProjectUITests.xctest */;
			productType = "com.apple.product-type.bundle.ui-testing";
		};
/* End PBXNativeTarget section */

/* Begin PBXProject section */
		B06106E224388E87009A52D1 /* Project object */ = {
			isa = PBXProject;
			attributes = {
				LastSwiftUpdateCheck = 1140;
				LastUpgradeCheck = 1140;
				ORGANIZATIONNAME = "Inovium Digital Vision";
				TargetAttributes = {
					B06106E924388E87009A52D1 = {
						CreatedOnToolsVersion = 11.4;
					};
					B061070224388E89009A52D1 = {
						CreatedOnToolsVersion = 11.4;
						TestTargetID = B06106E924388E87009A52D1;
					};
					B061070D24388E89009A52D1 = {
						CreatedOnToolsVersion = 11.4;
						TestTargetID = B06106E924388E87009A52D1;
					};
				};
			};
			buildConfigurationList = B06106E524388E87009A52D1 /* Build configuration list for PBXProject "Project" */;
			compatibilityVersion = "Xcode 9.3";
			developmentRegion = en;
			hasScannedForEncodings = 0;
			knownRegions = (
				en,
				Base,
			);
			mainGroup = B06106E124388E87009A52D1;
			productRefGroup = B06106EB24388E87009A52D1 /* Products */;
			projectDirPath = "";
			projectRoot = "";
			targets = (
				B06106E924388E87009A52D1 /* Project */,
				B061070224388E89009A52D1 /* ProjectTests */,
				B061070D24388E89009A52D1 /* ProjectUITests */,
			);
		};
/* End PBXProject section */

/* Begin PBXResourcesBuildPhase section */
		B06106E824388E87009A52D1 /* Resources */ = {
			isa = PBXResourcesBuildPhase;
			buildActionMask = 2147483647;
			files = (
				B06106FD24388E89009A52D1 /* LaunchScreen.storyboard in Resources */,
				B06106FA24388E89009A52D1 /* Assets.xcassets in Resources */,
				B022B0A92447B07A00C257D9 /* GoogleService-Info.plist in Resources */,
				B061072524390C21009A52D1 /* products.json in Resources */,
				B06106F524388E88009A52D1 /* Main.storyboard in Resources */,
			);
			runOnlyForDeploymentPostprocessing = 0;
		};
		B061070124388E89009A52D1 /* Resources */ = {
			isa = PBXResourcesBuildPhase;
			buildActionMask = 2147483647;
			files = (
			);
			runOnlyForDeploymentPostprocessing = 0;
		};
		B061070C24388E89009A52D1 /* Resources */ = {
			isa = PBXResourcesBuildPhase;
			buildActionMask = 2147483647;
			files = (
			);
			runOnlyForDeploymentPostprocessing = 0;
		};
/* End PBXResourcesBuildPhase section */

/* Begin PBXShellScriptBuildPhase section */
		33A810EA6DE326D1A3932052 /* [CP] Check Pods Manifest.lock */ = {
			isa = PBXShellScriptBuildPhase;
			buildActionMask = 2147483647;
			files = (
			);
			inputFileListPaths = (
			);
			inputPaths = (
				"${PODS_PODFILE_DIR_PATH}/Podfile.lock",
				"${PODS_ROOT}/Manifest.lock",
			);
			name = "[CP] Check Pods Manifest.lock";
			outputFileListPaths = (
			);
			outputPaths = (
				"$(DERIVED_FILE_DIR)/Pods-Project-ProjectUITests-checkManifestLockResult.txt",
			);
			runOnlyForDeploymentPostprocessing = 0;
			shellPath = /bin/sh;
			shellScript = "diff \"${PODS_PODFILE_DIR_PATH}/Podfile.lock\" \"${PODS_ROOT}/Manifest.lock\" > /dev/null\nif [ $? != 0 ] ; then\n    # print error to STDERR\n    echo \"error: The sandbox is not in sync with the Podfile.lock. Run 'pod install' or update your CocoaPods installation.\" >&2\n    exit 1\nfi\n# This output is used by Xcode 'outputs' to avoid re-running this script phase.\necho \"SUCCESS\" > \"${SCRIPT_OUTPUT_FILE_0}\"\n";
			showEnvVarsInLog = 0;
		};
		87F1C8A00FD7D5AD8EF58606 /* [CP] Embed Pods Frameworks */ = {
			isa = PBXShellScriptBuildPhase;
			buildActionMask = 2147483647;
			files = (
			);
			inputFileListPaths = (
				"${PODS_ROOT}/Target Support Files/Pods-Project/Pods-Project-frameworks-${CONFIGURATION}-input-files.xcfilelist",
			);
			name = "[CP] Embed Pods Frameworks";
			outputFileListPaths = (
				"${PODS_ROOT}/Target Support Files/Pods-Project/Pods-Project-frameworks-${CONFIGURATION}-output-files.xcfilelist",
			);
			runOnlyForDeploymentPostprocessing = 0;
			shellPath = /bin/sh;
			shellScript = "\"${PODS_ROOT}/Target Support Files/Pods-Project/Pods-Project-frameworks.sh\"\n";
			showEnvVarsInLog = 0;
		};
		8EE61BDEF64BBEFC2F21833F /* [CP] Embed Pods Frameworks */ = {
			isa = PBXShellScriptBuildPhase;
			buildActionMask = 2147483647;
			files = (
			);
			inputFileListPaths = (
				"${PODS_ROOT}/Target Support Files/Pods-Project-ProjectUITests/Pods-Project-ProjectUITests-frameworks-${CONFIGURATION}-input-files.xcfilelist",
			);
			name = "[CP] Embed Pods Frameworks";
			outputFileListPaths = (
				"${PODS_ROOT}/Target Support Files/Pods-Project-ProjectUITests/Pods-Project-ProjectUITests-frameworks-${CONFIGURATION}-output-files.xcfilelist",
			);
			runOnlyForDeploymentPostprocessing = 0;
			shellPath = /bin/sh;
			shellScript = "\"${PODS_ROOT}/Target Support Files/Pods-Project-ProjectUITests/Pods-Project-ProjectUITests-frameworks.sh\"\n";
			showEnvVarsInLog = 0;
		};
		B8D5DEDD049C394E92F7E0B9 /* [CP] Check Pods Manifest.lock */ = {
			isa = PBXShellScriptBuildPhase;
			buildActionMask = 2147483647;
			files = (
			);
			inputFileListPaths = (
			);
			inputPaths = (
				"${PODS_PODFILE_DIR_PATH}/Podfile.lock",
				"${PODS_ROOT}/Manifest.lock",
			);
			name = "[CP] Check Pods Manifest.lock";
			outputFileListPaths = (
			);
			outputPaths = (
				"$(DERIVED_FILE_DIR)/Pods-ProjectTests-checkManifestLockResult.txt",
			);
			runOnlyForDeploymentPostprocessing = 0;
			shellPath = /bin/sh;
			shellScript = "diff \"${PODS_PODFILE_DIR_PATH}/Podfile.lock\" \"${PODS_ROOT}/Manifest.lock\" > /dev/null\nif [ $? != 0 ] ; then\n    # print error to STDERR\n    echo \"error: The sandbox is not in sync with the Podfile.lock. Run 'pod install' or update your CocoaPods installation.\" >&2\n    exit 1\nfi\n# This output is used by Xcode 'outputs' to avoid re-running this script phase.\necho \"SUCCESS\" > \"${SCRIPT_OUTPUT_FILE_0}\"\n";
			showEnvVarsInLog = 0;
		};
		C35BE84BE638F79D6FCB4F4D /* [CP] Check Pods Manifest.lock */ = {
			isa = PBXShellScriptBuildPhase;
			buildActionMask = 2147483647;
			files = (
			);
			inputFileListPaths = (
			);
			inputPaths = (
				"${PODS_PODFILE_DIR_PATH}/Podfile.lock",
				"${PODS_ROOT}/Manifest.lock",
			);
			name = "[CP] Check Pods Manifest.lock";
			outputFileListPaths = (
			);
			outputPaths = (
				"$(DERIVED_FILE_DIR)/Pods-Project-checkManifestLockResult.txt",
			);
			runOnlyForDeploymentPostprocessing = 0;
			shellPath = /bin/sh;
			shellScript = "diff \"${PODS_PODFILE_DIR_PATH}/Podfile.lock\" \"${PODS_ROOT}/Manifest.lock\" > /dev/null\nif [ $? != 0 ] ; then\n    # print error to STDERR\n    echo \"error: The sandbox is not in sync with the Podfile.lock. Run 'pod install' or update your CocoaPods installation.\" >&2\n    exit 1\nfi\n# This output is used by Xcode 'outputs' to avoid re-running this script phase.\necho \"SUCCESS\" > \"${SCRIPT_OUTPUT_FILE_0}\"\n";
			showEnvVarsInLog = 0;
		};
/* End PBXShellScriptBuildPhase section */

/* Begin PBXSourcesBuildPhase section */
		B06106E624388E87009A52D1 /* Sources */ = {
			isa = PBXSourcesBuildPhase;
			buildActionMask = 2147483647;
			files = (
				B00BF0FF2451E77F00DFB47E /* AdminCakesViewController.swift in Sources */,
				B01E9FBE2443891E005EE857 /* MainTabBarViewController.swift in Sources */,
				B05E292C2441C67100327947 /* LoginViewController.swift in Sources */,
				B093AC75244604380048CC38 /* FavoritesList+CoreDataProperties.swift in Sources */,
				B061072124389909009A52D1 /* CollectionViewCell.swift in Sources */,
				B093AC77244604380048CC38 /* Users+CoreDataProperties.swift in Sources */,
				B01E9FC22443BAAE005EE857 /* ProfileNavigationController.swift in Sources */,
				B06106F224388E88009A52D1 /* ViewController.swift in Sources */,
				B06106EE24388E87009A52D1 /* AppDelegate.swift in Sources */,
				B05E292A2441BE3F00327947 /* DesignableView.swift in Sources */,
				B08329D3243E6C2800BAC9BB /* MapViewController.swift in Sources */,
				B0F420AE2443354100E39729 /* UserPageViewController.swift in Sources */,
				B06107232438F47C009A52D1 /* CategoriesTableViewController.swift in Sources */,
				B0F43F442453009B00DD990F /* CategoryModel.swift in Sources */,
				B09DA1B324519F85007F0E30 /* CollectionPaths.swift in Sources */,
				B06106F024388E88009A52D1 /* SceneDelegate.swift in Sources */,
				B0B0A2BA2439445B00B39BAD /* ProductTableViewCell.swift in Sources */,
				B0D3E3D22444CF7A00E9F412 /* UserDefaultsHelper.swift in Sources */,
				B0A23A34243D3840002D1309 /* ProductViewController.swift in Sources */,
				B00BF1012452306900DFB47E /* LocationModel.swift in Sources */,
				B0B674B52442307D00ADEE05 /* RegisterViewController.swift in Sources */,
				B06106F824388E88009A52D1 /* Project.xcdatamodeld in Sources */,
				B0B0A2B62439380B00B39BAD /* ProductModel.swift in Sources */,
				B093AC792446130C0048CC38 /* ProductsNavigationController.swift in Sources */,
				B093AC76244604380048CC38 /* Users+CoreDataClass.swift in Sources */,
				B093AC74244604380048CC38 /* FavoritesList+CoreDataClass.swift in Sources */,
			);
			runOnlyForDeploymentPostprocessing = 0;
		};
		B06106FF24388E89009A52D1 /* Sources */ = {
			isa = PBXSourcesBuildPhase;
			buildActionMask = 2147483647;
			files = (
				B061070824388E89009A52D1 /* ProjectTests.swift in Sources */,
			);
			runOnlyForDeploymentPostprocessing = 0;
		};
		B061070A24388E89009A52D1 /* Sources */ = {
			isa = PBXSourcesBuildPhase;
			buildActionMask = 2147483647;
			files = (
				B061071324388E89009A52D1 /* ProjectUITests.swift in Sources */,
			);
			runOnlyForDeploymentPostprocessing = 0;
		};
/* End PBXSourcesBuildPhase section */

/* Begin PBXTargetDependency section */
		B061070524388E89009A52D1 /* PBXTargetDependency */ = {
			isa = PBXTargetDependency;
			target = B06106E924388E87009A52D1 /* Project */;
			targetProxy = B061070424388E89009A52D1 /* PBXContainerItemProxy */;
		};
		B061071024388E89009A52D1 /* PBXTargetDependency */ = {
			isa = PBXTargetDependency;
			target = B06106E924388E87009A52D1 /* Project */;
			targetProxy = B061070F24388E89009A52D1 /* PBXContainerItemProxy */;
		};
/* End PBXTargetDependency section */

/* Begin PBXVariantGroup section */
		B06106F324388E88009A52D1 /* Main.storyboard */ = {
			isa = PBXVariantGroup;
			children = (
				B06106F424388E88009A52D1 /* Base */,
			);
			name = Main.storyboard;
			sourceTree = "<group>";
		};
		B06106FB24388E89009A52D1 /* LaunchScreen.storyboard */ = {
			isa = PBXVariantGroup;
			children = (
				B06106FC24388E89009A52D1 /* Base */,
			);
			name = LaunchScreen.storyboard;
			sourceTree = "<group>";
		};
/* End PBXVariantGroup section */

/* Begin XCBuildConfiguration section */
		B061071524388E89009A52D1 /* Debug */ = {
			isa = XCBuildConfiguration;
			buildSettings = {
				ALWAYS_SEARCH_USER_PATHS = NO;
				CLANG_ANALYZER_NONNULL = YES;
				CLANG_ANALYZER_NUMBER_OBJECT_CONVERSION = YES_AGGRESSIVE;
				CLANG_CXX_LANGUAGE_STANDARD = "gnu++14";
				CLANG_CXX_LIBRARY = "libc++";
				CLANG_ENABLE_MODULES = YES;
				CLANG_ENABLE_OBJC_ARC = YES;
				CLANG_ENABLE_OBJC_WEAK = YES;
				CLANG_WARN_BLOCK_CAPTURE_AUTORELEASING = YES;
				CLANG_WARN_BOOL_CONVERSION = YES;
				CLANG_WARN_COMMA = YES;
				CLANG_WARN_CONSTANT_CONVERSION = YES;
				CLANG_WARN_DEPRECATED_OBJC_IMPLEMENTATIONS = YES;
				CLANG_WARN_DIRECT_OBJC_ISA_USAGE = YES_ERROR;
				CLANG_WARN_DOCUMENTATION_COMMENTS = YES;
				CLANG_WARN_EMPTY_BODY = YES;
				CLANG_WARN_ENUM_CONVERSION = YES;
				CLANG_WARN_INFINITE_RECURSION = YES;
				CLANG_WARN_INT_CONVERSION = YES;
				CLANG_WARN_NON_LITERAL_NULL_CONVERSION = YES;
				CLANG_WARN_OBJC_IMPLICIT_RETAIN_SELF = YES;
				CLANG_WARN_OBJC_LITERAL_CONVERSION = YES;
				CLANG_WARN_OBJC_ROOT_CLASS = YES_ERROR;
				CLANG_WARN_RANGE_LOOP_ANALYSIS = YES;
				CLANG_WARN_STRICT_PROTOTYPES = YES;
				CLANG_WARN_SUSPICIOUS_MOVE = YES;
				CLANG_WARN_UNGUARDED_AVAILABILITY = YES_AGGRESSIVE;
				CLANG_WARN_UNREACHABLE_CODE = YES;
				CLANG_WARN__DUPLICATE_METHOD_MATCH = YES;
				COPY_PHASE_STRIP = NO;
				DEBUG_INFORMATION_FORMAT = dwarf;
				ENABLE_STRICT_OBJC_MSGSEND = YES;
				ENABLE_TESTABILITY = YES;
				GCC_C_LANGUAGE_STANDARD = gnu11;
				GCC_DYNAMIC_NO_PIC = NO;
				GCC_NO_COMMON_BLOCKS = YES;
				GCC_OPTIMIZATION_LEVEL = 0;
				GCC_PREPROCESSOR_DEFINITIONS = (
					"DEBUG=1",
					"$(inherited)",
				);
				GCC_WARN_64_TO_32_BIT_CONVERSION = YES;
				GCC_WARN_ABOUT_RETURN_TYPE = YES_ERROR;
				GCC_WARN_UNDECLARED_SELECTOR = YES;
				GCC_WARN_UNINITIALIZED_AUTOS = YES_AGGRESSIVE;
				GCC_WARN_UNUSED_FUNCTION = YES;
				GCC_WARN_UNUSED_VARIABLE = YES;
				IPHONEOS_DEPLOYMENT_TARGET = 13.4;
				MTL_ENABLE_DEBUG_INFO = INCLUDE_SOURCE;
				MTL_FAST_MATH = YES;
				ONLY_ACTIVE_ARCH = YES;
				SDKROOT = iphoneos;
				SWIFT_ACTIVE_COMPILATION_CONDITIONS = DEBUG;
				SWIFT_OPTIMIZATION_LEVEL = "-Onone";
			};
			name = Debug;
		};
		B061071624388E89009A52D1 /* Release */ = {
			isa = XCBuildConfiguration;
			buildSettings = {
				ALWAYS_SEARCH_USER_PATHS = NO;
				CLANG_ANALYZER_NONNULL = YES;
				CLANG_ANALYZER_NUMBER_OBJECT_CONVERSION = YES_AGGRESSIVE;
				CLANG_CXX_LANGUAGE_STANDARD = "gnu++14";
				CLANG_CXX_LIBRARY = "libc++";
				CLANG_ENABLE_MODULES = YES;
				CLANG_ENABLE_OBJC_ARC = YES;
				CLANG_ENABLE_OBJC_WEAK = YES;
				CLANG_WARN_BLOCK_CAPTURE_AUTORELEASING = YES;
				CLANG_WARN_BOOL_CONVERSION = YES;
				CLANG_WARN_COMMA = YES;
				CLANG_WARN_CONSTANT_CONVERSION = YES;
				CLANG_WARN_DEPRECATED_OBJC_IMPLEMENTATIONS = YES;
				CLANG_WARN_DIRECT_OBJC_ISA_USAGE = YES_ERROR;
				CLANG_WARN_DOCUMENTATION_COMMENTS = YES;
				CLANG_WARN_EMPTY_BODY = YES;
				CLANG_WARN_ENUM_CONVERSION = YES;
				CLANG_WARN_INFINITE_RECURSION = YES;
				CLANG_WARN_INT_CONVERSION = YES;
				CLANG_WARN_NON_LITERAL_NULL_CONVERSION = YES;
				CLANG_WARN_OBJC_IMPLICIT_RETAIN_SELF = YES;
				CLANG_WARN_OBJC_LITERAL_CONVERSION = YES;
				CLANG_WARN_OBJC_ROOT_CLASS = YES_ERROR;
				CLANG_WARN_RANGE_LOOP_ANALYSIS = YES;
				CLANG_WARN_STRICT_PROTOTYPES = YES;
				CLANG_WARN_SUSPICIOUS_MOVE = YES;
				CLANG_WARN_UNGUARDED_AVAILABILITY = YES_AGGRESSIVE;
				CLANG_WARN_UNREACHABLE_CODE = YES;
				CLANG_WARN__DUPLICATE_METHOD_MATCH = YES;
				COPY_PHASE_STRIP = NO;
				DEBUG_INFORMATION_FORMAT = "dwarf-with-dsym";
				ENABLE_NS_ASSERTIONS = NO;
				ENABLE_STRICT_OBJC_MSGSEND = YES;
				GCC_C_LANGUAGE_STANDARD = gnu11;
				GCC_NO_COMMON_BLOCKS = YES;
				GCC_WARN_64_TO_32_BIT_CONVERSION = YES;
				GCC_WARN_ABOUT_RETURN_TYPE = YES_ERROR;
				GCC_WARN_UNDECLARED_SELECTOR = YES;
				GCC_WARN_UNINITIALIZED_AUTOS = YES_AGGRESSIVE;
				GCC_WARN_UNUSED_FUNCTION = YES;
				GCC_WARN_UNUSED_VARIABLE = YES;
				IPHONEOS_DEPLOYMENT_TARGET = 13.4;
				MTL_ENABLE_DEBUG_INFO = NO;
				MTL_FAST_MATH = YES;
				SDKROOT = iphoneos;
				SWIFT_COMPILATION_MODE = wholemodule;
				SWIFT_OPTIMIZATION_LEVEL = "-O";
				VALIDATE_PRODUCT = YES;
			};
			name = Release;
		};
		B061071824388E89009A52D1 /* Debug */ = {
			isa = XCBuildConfiguration;
			baseConfigurationReference = 784872139A2CEE649802977E /* Pods-Project.debug.xcconfig */;
			buildSettings = {
				ASSETCATALOG_COMPILER_APPICON_NAME = AppIcon;
				CODE_SIGN_ENTITLEMENTS = Project/Project.entitlements;
				CODE_SIGN_STYLE = Automatic;
				INFOPLIST_FILE = Project/Info.plist;
				LD_RUNPATH_SEARCH_PATHS = (
					"$(inherited)",
					"@executable_path/Frameworks",
				);
				PRODUCT_BUNDLE_IDENTIFIER = com.example.Project;
				PRODUCT_NAME = Project;
				SWIFT_VERSION = 5.0;
				TARGETED_DEVICE_FAMILY = "1,2";
			};
			name = Debug;
		};
		B061071924388E89009A52D1 /* Release */ = {
			isa = XCBuildConfiguration;
			baseConfigurationReference = 360EED3FAD3A0EACAD9E3B16 /* Pods-Project.release.xcconfig */;
			buildSettings = {
				ASSETCATALOG_COMPILER_APPICON_NAME = AppIcon;
				CODE_SIGN_ENTITLEMENTS = Project/Project.entitlements;
				CODE_SIGN_STYLE = Automatic;
				INFOPLIST_FILE = Project/Info.plist;
				LD_RUNPATH_SEARCH_PATHS = (
					"$(inherited)",
					"@executable_path/Frameworks",
				);
				PRODUCT_BUNDLE_IDENTIFIER = com.example.Project;
				PRODUCT_NAME = Project;
				SWIFT_VERSION = 5.0;
				TARGETED_DEVICE_FAMILY = "1,2";
			};
			name = Release;
		};
		B061071B24388E89009A52D1 /* Debug */ = {
			isa = XCBuildConfiguration;
			baseConfigurationReference = E6308D611C286DDF0BDFB96A /* Pods-ProjectTests.debug.xcconfig */;
			buildSettings = {
				ALWAYS_EMBED_SWIFT_STANDARD_LIBRARIES = YES;
				BUNDLE_LOADER = "$(TEST_HOST)";
				CODE_SIGN_STYLE = Automatic;
				INFOPLIST_FILE = ProjectTests/Info.plist;
				IPHONEOS_DEPLOYMENT_TARGET = 13.4;
				LD_RUNPATH_SEARCH_PATHS = (
					"$(inherited)",
					"@executable_path/Frameworks",
					"@loader_path/Frameworks",
				);
				PRODUCT_BUNDLE_IDENTIFIER = com.example.ProjectTests;
				PRODUCT_NAME = "$(TARGET_NAME)";
				SWIFT_VERSION = 5.0;
				TARGETED_DEVICE_FAMILY = "1,2";
				TEST_HOST = "$(BUILT_PRODUCTS_DIR)/Project.app/Project";
			};
			name = Debug;
		};
		B061071C24388E89009A52D1 /* Release */ = {
			isa = XCBuildConfiguration;
			baseConfigurationReference = A6394F23FDCF6EB6D6390FC2 /* Pods-ProjectTests.release.xcconfig */;
			buildSettings = {
				ALWAYS_EMBED_SWIFT_STANDARD_LIBRARIES = YES;
				BUNDLE_LOADER = "$(TEST_HOST)";
				CODE_SIGN_STYLE = Automatic;
				INFOPLIST_FILE = ProjectTests/Info.plist;
				IPHONEOS_DEPLOYMENT_TARGET = 13.4;
				LD_RUNPATH_SEARCH_PATHS = (
					"$(inherited)",
					"@executable_path/Frameworks",
					"@loader_path/Frameworks",
				);
				PRODUCT_BUNDLE_IDENTIFIER = com.example.ProjectTests;
				PRODUCT_NAME = "$(TARGET_NAME)";
				SWIFT_VERSION = 5.0;
				TARGETED_DEVICE_FAMILY = "1,2";
				TEST_HOST = "$(BUILT_PRODUCTS_DIR)/Project.app/Project";
			};
			name = Release;
		};
		B061071E24388E89009A52D1 /* Debug */ = {
			isa = XCBuildConfiguration;
			baseConfigurationReference = 5676A26731AAD5FAA950117E /* Pods-Project-ProjectUITests.debug.xcconfig */;
			buildSettings = {
				ALWAYS_EMBED_SWIFT_STANDARD_LIBRARIES = YES;
				CODE_SIGN_STYLE = Automatic;
				INFOPLIST_FILE = ProjectUITests/Info.plist;
				LD_RUNPATH_SEARCH_PATHS = (
					"$(inherited)",
					"@executable_path/Frameworks",
					"@loader_path/Frameworks",
				);
				PRODUCT_BUNDLE_IDENTIFIER = com.example.ProjectUITests;
				PRODUCT_NAME = "$(TARGET_NAME)";
				SWIFT_VERSION = 5.0;
				TARGETED_DEVICE_FAMILY = "1,2";
				TEST_TARGET_NAME = Project;
			};
			name = Debug;
		};
		B061071F24388E89009A52D1 /* Release */ = {
			isa = XCBuildConfiguration;
			baseConfigurationReference = 3D9212702D1A457B5DBF7C82 /* Pods-Project-ProjectUITests.release.xcconfig */;
			buildSettings = {
				ALWAYS_EMBED_SWIFT_STANDARD_LIBRARIES = YES;
				CODE_SIGN_STYLE = Automatic;
				INFOPLIST_FILE = ProjectUITests/Info.plist;
				LD_RUNPATH_SEARCH_PATHS = (
					"$(inherited)",
					"@executable_path/Frameworks",
					"@loader_path/Frameworks",
				);
				PRODUCT_BUNDLE_IDENTIFIER = com.example.ProjectUITests;
				PRODUCT_NAME = "$(TARGET_NAME)";
				SWIFT_VERSION = 5.0;
				TARGETED_DEVICE_FAMILY = "1,2";
				TEST_TARGET_NAME = Project;
			};
			name = Release;
		};
/* End XCBuildConfiguration section */

/* Begin XCConfigurationList section */
		B06106E524388E87009A52D1 /* Build configuration list for PBXProject "Project" */ = {
			isa = XCConfigurationList;
			buildConfigurations = (
				B061071524388E89009A52D1 /* Debug */,
				B061071624388E89009A52D1 /* Release */,
			);
			defaultConfigurationIsVisible = 0;
			defaultConfigurationName = Release;
		};
		B061071724388E89009A52D1 /* Build configuration list for PBXNativeTarget "Project" */ = {
			isa = XCConfigurationList;
			buildConfigurations = (
				B061071824388E89009A52D1 /* Debug */,
				B061071924388E89009A52D1 /* Release */,
			);
			defaultConfigurationIsVisible = 0;
			defaultConfigurationName = Release;
		};
		B061071A24388E89009A52D1 /* Build configuration list for PBXNativeTarget "ProjectTests" */ = {
			isa = XCConfigurationList;
			buildConfigurations = (
				B061071B24388E89009A52D1 /* Debug */,
				B061071C24388E89009A52D1 /* Release */,
			);
			defaultConfigurationIsVisible = 0;
			defaultConfigurationName = Release;
		};
		B061071D24388E89009A52D1 /* Build configuration list for PBXNativeTarget "ProjectUITests" */ = {
			isa = XCConfigurationList;
			buildConfigurations = (
				B061071E24388E89009A52D1 /* Debug */,
				B061071F24388E89009A52D1 /* Release */,
			);
			defaultConfigurationIsVisible = 0;
			defaultConfigurationName = Release;
		};
/* End XCConfigurationList section */

/* Begin XCVersionGroup section */
		B06106F624388E88009A52D1 /* Project.xcdatamodeld */ = {
			isa = XCVersionGroup;
			children = (
				B06106F724388E88009A52D1 /* Project.xcdatamodel */,
			);
			currentVersion = B06106F724388E88009A52D1 /* Project.xcdatamodel */;
			path = Project.xcdatamodeld;
			sourceTree = "<group>";
			versionGroupType = wrapper.xcdatamodel;
		};
/* End XCVersionGroup section */
	};
	rootObject = B06106E224388E87009A52D1 /* Project object */;
}
